// !$*UTF8*$!
{
	archiveVersion = 1;
	classes = {
	};
	objectVersion = 56;
	objects = {

/* Begin PBXBuildFile section */
		04BDC9471935EB2FF67B00D2 /* Pods_AppNews.framework in Frameworks */ = {isa = PBXBuildFile; fileRef = F5C76150EFBB0FFE46AD2DD0 /* Pods_AppNews.framework */; };
		979668B42D0EC5970030AB00 /* AppDelegate.swift in Sources */ = {isa = PBXBuildFile; fileRef = 979668AA2D0EC5970030AB00 /* AppDelegate.swift */; };
		979668B52D0EC5970030AB00 /* SceneDelegate.swift in Sources */ = {isa = PBXBuildFile; fileRef = 979668B12D0EC5970030AB00 /* SceneDelegate.swift */; };
		979668B62D0EC5970030AB00 /* ViewController.swift in Sources */ = {isa = PBXBuildFile; fileRef = 979668B22D0EC5970030AB00 /* ViewController.swift */; };
		979668B72D0EC5970030AB00 /* Assets.xcassets in Resources */ = {isa = PBXBuildFile; fileRef = 979668AB2D0EC5970030AB00 /* Assets.xcassets */; };
		979668B92D0EC5970030AB00 /* LaunchScreen.storyboard in Resources */ = {isa = PBXBuildFile; fileRef = 979668AE2D0EC5970030AB00 /* LaunchScreen.storyboard */; };
		979668BC2D0EC8930030AB00 /* Article.swift in Sources */ = {isa = PBXBuildFile; fileRef = 979668BB2D0EC8930030AB00 /* Article.swift */; };
		979668BF2D0F23B80030AB00 /* NetworkManager.swift in Sources */ = {isa = PBXBuildFile; fileRef = 979668BE2D0F23B80030AB00 /* NetworkManager.swift */; };
		979668C32D0F299B0030AB00 /* DetailsViewController.swift in Sources */ = {isa = PBXBuildFile; fileRef = 979668C22D0F299B0030AB00 /* DetailsViewController.swift */; };
		979668C52D0F48BE0030AB00 /* ArticleTableViewCall.swift in Sources */ = {isa = PBXBuildFile; fileRef = 979668C42D0F48BE0030AB00 /* ArticleTableViewCall.swift */; };
/* End PBXBuildFile section */

/* Begin PBXFileReference section */
		2ADD41FA5E9055A745C2ECCA /* Pods-AppNews.debug.xcconfig */ = {isa = PBXFileReference; includeInIndex = 1; lastKnownFileType = text.xcconfig; name = "Pods-AppNews.debug.xcconfig"; path = "Target Support Files/Pods-AppNews/Pods-AppNews.debug.xcconfig"; sourceTree = "<group>"; };
		9351D70894FD8B072E613AA6 /* Pods-AppNews.release.xcconfig */ = {isa = PBXFileReference; includeInIndex = 1; lastKnownFileType = text.xcconfig; name = "Pods-AppNews.release.xcconfig"; path = "Target Support Files/Pods-AppNews/Pods-AppNews.release.xcconfig"; sourceTree = "<group>"; };
		979668922D0EC4070030AB00 /* AppNews.app */ = {isa = PBXFileReference; explicitFileType = wrapper.application; includeInIndex = 0; path = AppNews.app; sourceTree = BUILT_PRODUCTS_DIR; };
		979668AA2D0EC5970030AB00 /* AppDelegate.swift */ = {isa = PBXFileReference; lastKnownFileType = sourcecode.swift; path = AppDelegate.swift; sourceTree = "<group>"; };
		979668AB2D0EC5970030AB00 /* Assets.xcassets */ = {isa = PBXFileReference; lastKnownFileType = folder.assetcatalog; path = Assets.xcassets; sourceTree = "<group>"; };
		979668AC2D0EC5970030AB00 /* Info.plist */ = {isa = PBXFileReference; lastKnownFileType = text.plist.xml; path = Info.plist; sourceTree = "<group>"; };
		979668AD2D0EC5970030AB00 /* Base */ = {isa = PBXFileReference; lastKnownFileType = file.storyboard; name = Base; path = Base.lproj/LaunchScreen.storyboard; sourceTree = "<group>"; };
		979668B12D0EC5970030AB00 /* SceneDelegate.swift */ = {isa = PBXFileReference; lastKnownFileType = sourcecode.swift; path = SceneDelegate.swift; sourceTree = "<group>"; };
		979668B22D0EC5970030AB00 /* ViewController.swift */ = {isa = PBXFileReference; lastKnownFileType = sourcecode.swift; path = ViewController.swift; sourceTree = "<group>"; };
		979668BB2D0EC8930030AB00 /* Article.swift */ = {isa = PBXFileReference; lastKnownFileType = sourcecode.swift; path = Article.swift; sourceTree = "<group>"; };
		979668BE2D0F23B80030AB00 /* NetworkManager.swift */ = {isa = PBXFileReference; lastKnownFileType = sourcecode.swift; path = NetworkManager.swift; sourceTree = "<group>"; };
		979668C22D0F299B0030AB00 /* DetailsViewController.swift */ = {isa = PBXFileReference; lastKnownFileType = sourcecode.swift; path = DetailsViewController.swift; sourceTree = "<group>"; };
		979668C42D0F48BE0030AB00 /* ArticleTableViewCall.swift */ = {isa = PBXFileReference; lastKnownFileType = sourcecode.swift; path = ArticleTableViewCall.swift; sourceTree = "<group>"; };
		F5C76150EFBB0FFE46AD2DD0 /* Pods_AppNews.framework */ = {isa = PBXFileReference; explicitFileType = wrapper.framework; includeInIndex = 0; path = Pods_AppNews.framework; sourceTree = BUILT_PRODUCTS_DIR; };
/* End PBXFileReference section */

/* Begin PBXFrameworksBuildPhase section */
		9796688F2D0EC4070030AB00 /* Frameworks */ = {
			isa = PBXFrameworksBuildPhase;
			buildActionMask = 2147483647;
			files = (
				04BDC9471935EB2FF67B00D2 /* Pods_AppNews.framework in Frameworks */,
			);
			runOnlyForDeploymentPostprocessing = 0;
		};
/* End PBXFrameworksBuildPhase section */

/* Begin PBXGroup section */
		94C50E108BD1C8F4B85CA446 /* Frameworks */ = {
			isa = PBXGroup;
			children = (
				F5C76150EFBB0FFE46AD2DD0 /* Pods_AppNews.framework */,
			);
			name = Frameworks;
			sourceTree = "<group>";
		};
		979668892D0EC4070030AB00 = {
			isa = PBXGroup;
			children = (
				979668B32D0EC5970030AB00 /* AppNews */,
				979668932D0EC4070030AB00 /* Products */,
				B92038B2E2C550B0CCF0EC61 /* Pods */,
				94C50E108BD1C8F4B85CA446 /* Frameworks */,
			);
			sourceTree = "<group>";
		};
		979668932D0EC4070030AB00 /* Products */ = {
			isa = PBXGroup;
			children = (
				979668922D0EC4070030AB00 /* AppNews.app */,
			);
			name = Products;
			sourceTree = "<group>";
		};
		979668B32D0EC5970030AB00 /* AppNews */ = {
			isa = PBXGroup;
			children = (
				979668AA2D0EC5970030AB00 /* AppDelegate.swift */,
				979668AB2D0EC5970030AB00 /* Assets.xcassets */,
				979668AC2D0EC5970030AB00 /* Info.plist */,
				979668AE2D0EC5970030AB00 /* LaunchScreen.storyboard */,
				979668B12D0EC5970030AB00 /* SceneDelegate.swift */,
				979668B22D0EC5970030AB00 /* ViewController.swift */,
				979668BE2D0F23B80030AB00 /* NetworkManager.swift */,
				979668C42D0F48BE0030AB00 /* ArticleTableViewCall.swift */,
				979668C22D0F299B0030AB00 /* DetailsViewController.swift */,
				979668BB2D0EC8930030AB00 /* Article.swift */,
			);
			path = AppNews;
			sourceTree = "<group>";
		};
		B92038B2E2C550B0CCF0EC61 /* Pods */ = {
			isa = PBXGroup;
			children = (
				2ADD41FA5E9055A745C2ECCA /* Pods-AppNews.debug.xcconfig */,
				9351D70894FD8B072E613AA6 /* Pods-AppNews.release.xcconfig */,
			);
			path = Pods;
			sourceTree = "<group>";
		};
/* End PBXGroup section */

/* Begin PBXNativeTarget section */
		979668912D0EC4070030AB00 /* AppNews */ = {
			isa = PBXNativeTarget;
			buildConfigurationList = 979668A52D0EC4080030AB00 /* Build configuration list for PBXNativeTarget "AppNews" */;
			buildPhases = (
				F5FB0369C57D4F1545601F2E /* [CP] Check Pods Manifest.lock */,
				9796688E2D0EC4070030AB00 /* Sources */,
				9796688F2D0EC4070030AB00 /* Frameworks */,
				979668902D0EC4070030AB00 /* Resources */,
				81EE981B9B3B19715BE2E67D /* [CP] Embed Pods Frameworks */,
			);
			buildRules = (
			);
			dependencies = (
			);
			name = AppNews;
			productName = AppNews;
			productReference = 979668922D0EC4070030AB00 /* AppNews.app */;
			productType = "com.apple.product-type.application";
		};
/* End PBXNativeTarget section */

/* Begin PBXProject section */
		9796688A2D0EC4070030AB00 /* Project object */ = {
			isa = PBXProject;
			attributes = {
				BuildIndependentTargetsInParallel = 1;
				LastSwiftUpdateCheck = 1610;
				LastUpgradeCheck = 1610;
				TargetAttributes = {
					979668912D0EC4070030AB00 = {
						CreatedOnToolsVersion = 16.1;
					};
				};
			};
			buildConfigurationList = 9796688D2D0EC4070030AB00 /* Build configuration list for PBXProject "AppNews" */;
			compatibilityVersion = "Xcode 14.0";
			developmentRegion = en;
			hasScannedForEncodings = 0;
			knownRegions = (
				en,
				Base,
			);
			mainGroup = 979668892D0EC4070030AB00;
			productRefGroup = 979668932D0EC4070030AB00 /* Products */;
			projectDirPath = "";
			projectRoot = "";
			targets = (
				979668912D0EC4070030AB00 /* AppNews */,
			);
		};
/* End PBXProject section */

/* Begin PBXResourcesBuildPhase section */
		979668902D0EC4070030AB00 /* Resources */ = {
			isa = PBXResourcesBuildPhase;
			buildActionMask = 2147483647;
			files = (
				979668B72D0EC5970030AB00 /* Assets.xcassets in Resources */,
				979668B92D0EC5970030AB00 /* LaunchScreen.storyboard in Resources */,
			);
			runOnlyForDeploymentPostprocessing = 0;
		};
/* End PBXResourcesBuildPhase section */

/* Begin PBXShellScriptBuildPhase section */
		81EE981B9B3B19715BE2E67D /* [CP] Embed Pods Frameworks */ = {
			isa = PBXShellScriptBuildPhase;
			buildActionMask = 2147483647;
			files = (
			);
			inputFileListPaths = (
				"${PODS_ROOT}/Target Support Files/Pods-AppNews/Pods-AppNews-frameworks-${CONFIGURATION}-input-files.xcfilelist",
			);
			name = "[CP] Embed Pods Frameworks";
			outputFileListPaths = (
				"${PODS_ROOT}/Target Support Files/Pods-AppNews/Pods-AppNews-frameworks-${CONFIGURATION}-output-files.xcfilelist",
			);
			runOnlyForDeploymentPostprocessing = 0;
			shellPath = /bin/sh;
			shellScript = "\"${PODS_ROOT}/Target Support Files/Pods-AppNews/Pods-AppNews-frameworks.sh\"\n";
			showEnvVarsInLog = 0;
		};
		F5FB0369C57D4F1545601F2E /* [CP] Check Pods Manifest.lock */ = {
			isa = PBXShellScriptBuildPhase;
			buildActionMask = 2147483647;
			files = (
			);
			inputFileListPaths = (
			);
			inputPaths = (
				"${PODS_PODFILE_DIR_PATH}/Podfile.lock",
				"${PODS_ROOT}/Manifest.lock",
			);
			name = "[CP] Check Pods Manifest.lock";
			outputFileListPaths = (
			);
			outputPaths = (
				"$(DERIVED_FILE_DIR)/Pods-AppNews-checkManifestLockResult.txt",
			);
			runOnlyForDeploymentPostprocessing = 0;
			shellPath = /bin/sh;
			shellScript = "diff \"${PODS_PODFILE_DIR_PATH}/Podfile.lock\" \"${PODS_ROOT}/Manifest.lock\" > /dev/null\nif [ $? != 0 ] ; then\n    # print error to STDERR\n    echo \"error: The sandbox is not in sync with the Podfile.lock. Run 'pod install' or update your CocoaPods installation.\" >&2\n    exit 1\nfi\n# This output is used by Xcode 'outputs' to avoid re-running this script phase.\necho \"SUCCESS\" > \"${SCRIPT_OUTPUT_FILE_0}\"\n";
			showEnvVarsInLog = 0;
		};
/* End PBXShellScriptBuildPhase section */

/* Begin PBXSourcesBuildPhase section */
		9796688E2D0EC4070030AB00 /* Sources */ = {
			isa = PBXSourcesBuildPhase;
			buildActionMask = 2147483647;
			files = (
				979668C52D0F48BE0030AB00 /* ArticleTableViewCall.swift in Sources */,
				979668BC2D0EC8930030AB00 /* Article.swift in Sources */,
				979668B42D0EC5970030AB00 /* AppDelegate.swift in Sources */,
				979668BF2D0F23B80030AB00 /* NetworkManager.swift in Sources */,
				979668B52D0EC5970030AB00 /* SceneDelegate.swift in Sources */,
				979668C32D0F299B0030AB00 /* DetailsViewController.swift in Sources */,
				979668B62D0EC5970030AB00 /* ViewController.swift in Sources */,
			);
			runOnlyForDeploymentPostprocessing = 0;
		};
/* End PBXSourcesBuildPhase section */

/* Begin PBXVariantGroup section */
		979668AE2D0EC5970030AB00 /* LaunchScreen.storyboard */ = {
			isa = PBXVariantGroup;
			children = (
				979668AD2D0EC5970030AB00 /* Base */,
			);
			name = LaunchScreen.storyboard;
			sourceTree = "<group>";
		};
/* End PBXVariantGroup section */

/* Begin XCBuildConfiguration section */
		979668A62D0EC4080030AB00 /* Debug */ = {
			isa = XCBuildConfiguration;
			baseConfigurationReference = 2ADD41FA5E9055A745C2ECCA /* Pods-AppNews.debug.xcconfig */;
			buildSettings = {
				ASSETCATALOG_COMPILER_APPICON_NAME = AppIcon;
				ASSETCATALOG_COMPILER_GLOBAL_ACCENT_COLOR_NAME = AccentColor;
				CODE_SIGN_STYLE = Automatic;
				CURRENT_PROJECT_VERSION = 1;
				DEVELOPMENT_TEAM = 385WK3QM2R;
				ENABLE_USER_SCRIPT_SANDBOXING = NO;
				GENERATE_INFOPLIST_FILE = YES;
				INFOPLIST_FILE = AppNews/Info.plist;
				INFOPLIST_KEY_UIApplicationSupportsIndirectInputEvents = YES;
				INFOPLIST_KEY_UILaunchStoryboardName = LaunchScreen;
				INFOPLIST_KEY_UISupportedInterfaceOrientations_iPad = "UIInterfaceOrientationPortrait UIInterfaceOrientationPortraitUpsideDown UIInterfaceOrientationLandscapeLeft UIInterfaceOrientationLandscapeRight";
				INFOPLIST_KEY_UISupportedInterfaceOrientations_iPhone = "UIInterfaceOrientationPortrait UIInterfaceOrientationLandscapeLeft UIInterfaceOrientationLandscapeRight";
				LD_RUNPATH_SEARCH_PATHS = (
					"$(inherited)",
					"@executable_path/Frameworks",
				);
				MARKETING_VERSION = 1.0;
				PRODUCT_BUNDLE_IDENTIFIER = com.kaekhara.AppNews;
				PRODUCT_NAME = "$(TARGET_NAME)";
				SWIFT_EMIT_LOC_STRINGS = YES;
				SWIFT_VERSION = 5.0;
				TARGETED_DEVICE_FAMILY = "1,2";
			};
			name = Debug;
		};
		979668A72D0EC4080030AB00 /* Release */ = {
			isa = XCBuildConfiguration;
			baseConfigurationReference = 9351D70894FD8B072E613AA6 /* Pods-AppNews.release.xcconfig */;
			buildSettings = {
				ASSETCATALOG_COMPILER_APPICON_NAME = AppIcon;
				ASSETCATALOG_COMPILER_GLOBAL_ACCENT_COLOR_NAME = AccentColor;
				CODE_SIGN_STYLE = Automatic;
				CURRENT_PROJECT_VERSION = 1;
				DEVELOPMENT_TEAM = 385WK3QM2R;
				ENABLE_USER_SCRIPT_SANDBOXING = NO;
				GENERATE_INFOPLIST_FILE = YES;
				INFOPLIST_FILE = AppNews/Info.plist;
				INFOPLIST_KEY_UIApplicationSupportsIndirectInputEvents = YES;
				INFOPLIST_KEY_UILaunchStoryboardName = LaunchScreen;
				INFOPLIST_KEY_UISupportedInterfaceOrientations_iPad = "UIInterfaceOrientationPortrait UIInterfaceOrientationPortraitUpsideDown UIInterfaceOrientationLandscapeLeft UIInterfaceOrientationLandscapeRight";
				INFOPLIST_KEY_UISupportedInterfaceOrientations_iPhone = "UIInterfaceOrientationPortrait UIInterfaceOrientationLandscapeLeft UIInterfaceOrientationLandscapeRight";
				LD_RUNPATH_SEARCH_PATHS = (
					"$(inherited)",
					"@executable_path/Frameworks",
				);
				MARKETING_VERSION = 1.0;
				PRODUCT_BUNDLE_IDENTIFIER = com.kaekhara.AppNews;
				PRODUCT_NAME = "$(TARGET_NAME)";
				SWIFT_EMIT_LOC_STRINGS = YES;
				SWIFT_VERSION = 5.0;
				TARGETED_DEVICE_FAMILY = "1,2";
			};
			name = Release;
		};
		979668A82D0EC4080030AB00 /* Debug */ = {
			isa = XCBuildConfiguration;
			buildSettings = {
				ALWAYS_SEARCH_USER_PATHS = NO;
				ASSETCATALOG_COMPILER_GENERATE_SWIFT_ASSET_SYMBOL_EXTENSIONS = YES;
				CLANG_ANALYZER_NONNULL = YES;
				CLANG_ANALYZER_NUMBER_OBJECT_CONVERSION = YES_AGGRESSIVE;
				CLANG_CXX_LANGUAGE_STANDARD = "gnu++20";
				CLANG_ENABLE_MODULES = YES;
				CLANG_ENABLE_OBJC_ARC = YES;
				CLANG_ENABLE_OBJC_WEAK = YES;
				CLANG_WARN_BLOCK_CAPTURE_AUTORELEASING = YES;
				CLANG_WARN_BOOL_CONVERSION = YES;
				CLANG_WARN_COMMA = YES;
				CLANG_WARN_CONSTANT_CONVERSION = YES;
				CLANG_WARN_DEPRECATED_OBJC_IMPLEMENTATIONS = YES;
				CLANG_WARN_DIRECT_OBJC_ISA_USAGE = YES_ERROR;
				CLANG_WARN_DOCUMENTATION_COMMENTS = YES;
				CLANG_WARN_EMPTY_BODY = YES;
				CLANG_WARN_ENUM_CONVERSION = YES;
				CLANG_WARN_INFINITE_RECURSION = YES;
				CLANG_WARN_INT_CONVERSION = YES;
				CLANG_WARN_NON_LITERAL_NULL_CONVERSION = YES;
				CLANG_WARN_OBJC_IMPLICIT_RETAIN_SELF = YES;
				CLANG_WARN_OBJC_LITERAL_CONVERSION = YES;
				CLANG_WARN_OBJC_ROOT_CLASS = YES_ERROR;
				CLANG_WARN_QUOTED_INCLUDE_IN_FRAMEWORK_HEADER = YES;
				CLANG_WARN_RANGE_LOOP_ANALYSIS = YES;
				CLANG_WARN_STRICT_PROTOTYPES = YES;
				CLANG_WARN_SUSPICIOUS_MOVE = YES;
				CLANG_WARN_UNGUARDED_AVAILABILITY = YES_AGGRESSIVE;
				CLANG_WARN_UNREACHABLE_CODE = YES;
				CLANG_WARN__DUPLICATE_METHOD_MATCH = YES;
				COPY_PHASE_STRIP = NO;
				DEBUG_INFORMATION_FORMAT = dwarf;
				ENABLE_STRICT_OBJC_MSGSEND = YES;
				ENABLE_TESTABILITY = YES;
				ENABLE_USER_SCRIPT_SANDBOXING = YES;
				GCC_C_LANGUAGE_STANDARD = gnu17;
				GCC_DYNAMIC_NO_PIC = NO;
				GCC_NO_COMMON_BLOCKS = YES;
				GCC_OPTIMIZATION_LEVEL = 0;
				GCC_PREPROCESSOR_DEFINITIONS = (
					"DEBUG=1",
					"$(inherited)",
				);
				GCC_WARN_64_TO_32_BIT_CONVERSION = YES;
				GCC_WARN_ABOUT_RETURN_TYPE = YES_ERROR;
				GCC_WARN_UNDECLARED_SELECTOR = YES;
				GCC_WARN_UNINITIALIZED_AUTOS = YES_AGGRESSIVE;
				GCC_WARN_UNUSED_FUNCTION = YES;
				GCC_WARN_UNUSED_VARIABLE = YES;
				IPHONEOS_DEPLOYMENT_TARGET = 18.1;
				LOCALIZATION_PREFERS_STRING_CATALOGS = YES;
				MTL_ENABLE_DEBUG_INFO = INCLUDE_SOURCE;
				MTL_FAST_MATH = YES;
				ONLY_ACTIVE_ARCH = YES;
				SDKROOT = iphoneos;
				SWIFT_ACTIVE_COMPILATION_CONDITIONS = "DEBUG $(inherited)";
				SWIFT_OPTIMIZATION_LEVEL = "-Onone";
			};
			name = Debug;
		};
		979668A92D0EC4080030AB00 /* Release */ = {
			isa = XCBuildConfiguration;
			buildSettings = {
				ALWAYS_SEARCH_USER_PATHS = NO;
				ASSETCATALOG_COMPILER_GENERATE_SWIFT_ASSET_SYMBOL_EXTENSIONS = YES;
				CLANG_ANALYZER_NONNULL = YES;
				CLANG_ANALYZER_NUMBER_OBJECT_CONVERSION = YES_AGGRESSIVE;
				CLANG_CXX_LANGUAGE_STANDARD = "gnu++20";
				CLANG_ENABLE_MODULES = YES;
				CLANG_ENABLE_OBJC_ARC = YES;
				CLANG_ENABLE_OBJC_WEAK = YES;
				CLANG_WARN_BLOCK_CAPTURE_AUTORELEASING = YES;
				CLANG_WARN_BOOL_CONVERSION = YES;
				CLANG_WARN_COMMA = YES;
				CLANG_WARN_CONSTANT_CONVERSION = YES;
				CLANG_WARN_DEPRECATED_OBJC_IMPLEMENTATIONS = YES;
				CLANG_WARN_DIRECT_OBJC_ISA_USAGE = YES_ERROR;
				CLANG_WARN_DOCUMENTATION_COMMENTS = YES;
				CLANG_WARN_EMPTY_BODY = YES;
				CLANG_WARN_ENUM_CONVERSION = YES;
				CLANG_WARN_INFINITE_RECURSION = YES;
				CLANG_WARN_INT_CONVERSION = YES;
				CLANG_WARN_NON_LITERAL_NULL_CONVERSION = YES;
				CLANG_WARN_OBJC_IMPLICIT_RETAIN_SELF = YES;
				CLANG_WARN_OBJC_LITERAL_CONVERSION = YES;
				CLANG_WARN_OBJC_ROOT_CLASS = YES_ERROR;
				CLANG_WARN_QUOTED_INCLUDE_IN_FRAMEWORK_HEADER = YES;
				CLANG_WARN_RANGE_LOOP_ANALYSIS = YES;
				CLANG_WARN_STRICT_PROTOTYPES = YES;
				CLANG_WARN_SUSPICIOUS_MOVE = YES;
				CLANG_WARN_UNGUARDED_AVAILABILITY = YES_AGGRESSIVE;
				CLANG_WARN_UNREACHABLE_CODE = YES;
				CLANG_WARN__DUPLICATE_METHOD_MATCH = YES;
				COPY_PHASE_STRIP = NO;
				DEBUG_INFORMATION_FORMAT = "dwarf-with-dsym";
				ENABLE_NS_ASSERTIONS = NO;
				ENABLE_STRICT_OBJC_MSGSEND = YES;
				ENABLE_USER_SCRIPT_SANDBOXING = YES;
				GCC_C_LANGUAGE_STANDARD = gnu17;
				GCC_NO_COMMON_BLOCKS = YES;
				GCC_WARN_64_TO_32_BIT_CONVERSION = YES;
				GCC_WARN_ABOUT_RETURN_TYPE = YES_ERROR;
				GCC_WARN_UNDECLARED_SELECTOR = YES;
				GCC_WARN_UNINITIALIZED_AUTOS = YES_AGGRESSIVE;
				GCC_WARN_UNUSED_FUNCTION = YES;
				GCC_WARN_UNUSED_VARIABLE = YES;
				IPHONEOS_DEPLOYMENT_TARGET = 18.1;
				LOCALIZATION_PREFERS_STRING_CATALOGS = YES;
				MTL_ENABLE_DEBUG_INFO = NO;
				MTL_FAST_MATH = YES;
				SDKROOT = iphoneos;
				SWIFT_COMPILATION_MODE = wholemodule;
				VALIDATE_PRODUCT = YES;
			};
			name = Release;
		};
/* End XCBuildConfiguration section */

/* Begin XCConfigurationList section */
		9796688D2D0EC4070030AB00 /* Build configuration list for PBXProject "AppNews" */ = {
			isa = XCConfigurationList;
			buildConfigurations = (
				979668A82D0EC4080030AB00 /* Debug */,
				979668A92D0EC4080030AB00 /* Release */,
			);
			defaultConfigurationIsVisible = 0;
			defaultConfigurationName = Release;
		};
		979668A52D0EC4080030AB00 /* Build configuration list for PBXNativeTarget "AppNews" */ = {
			isa = XCConfigurationList;
			buildConfigurations = (
				979668A62D0EC4080030AB00 /* Debug */,
				979668A72D0EC4080030AB00 /* Release */,
			);
			defaultConfigurationIsVisible = 0;
			defaultConfigurationName = Release;
		};
/* End XCConfigurationList section */
	};
	rootObject = 9796688A2D0EC4070030AB00 /* Project object */;
}
